
Microsoft Visual Studio Solution File, Format Version 12.00
# Visual Studio Version 17
VisualStudioVersion = 17.8.34525.116
MinimumVisualStudioVersion = 10.0.40219.1
Project("{9A19103F-16F7-4668-BE54-9A1E7A4F7556}") = "InternetBank.Core.Api", "WebApiCoreApplication\InternetBank.Core.Api.csproj", "{443D7D5B-EC30-4DBA-82B8-84D19A5993F1}"
	ProjectSection(ProjectDependencies) = postProject
		{003B7027-350E-464E-B347-EC1F3380417D} = {003B7027-350E-464E-B347-EC1F3380417D}
		{0BF87215-77FC-4108-97B8-C8CDE856571D} = {0BF87215-77FC-4108-97B8-C8CDE856571D}
		{64502233-C26C-477B-896C-493DDB5FF6BC} = {64502233-C26C-477B-896C-493DDB5FF6BC}
		{67584FA0-2C18-47E8-90E1-F0A2E6F39991} = {67584FA0-2C18-47E8-90E1-F0A2E6F39991}
	EndProjectSection
EndProject
Project("{9A19103F-16F7-4668-BE54-9A1E7A4F7556}") = "InternetBank.Core.Domain", "InternetBank.Core.Domain\InternetBank.Core.Domain.csproj", "{67584FA0-2C18-47E8-90E1-F0A2E6F39991}"
EndProject
Project("{9A19103F-16F7-4668-BE54-9A1E7A4F7556}") = "InternetBank.Core.Application", "InternetBank.Core.Application\InternetBank.Core.Application.csproj", "{64502233-C26C-477B-896C-493DDB5FF6BC}"
	ProjectSection(ProjectDependencies) = postProject
		{67584FA0-2C18-47E8-90E1-F0A2E6F39991} = {67584FA0-2C18-47E8-90E1-F0A2E6F39991}
	EndProjectSection
EndProject
Project("{9A19103F-16F7-4668-BE54-9A1E7A4F7556}") = "InternetBank.Core.Infrastructure", "InternetBank.Core.Infrastructure\InternetBank.Core.Infrastructure.csproj", "{0BF87215-77FC-4108-97B8-C8CDE856571D}"
	ProjectSection(ProjectDependencies) = postProject
		{64502233-C26C-477B-896C-493DDB5FF6BC} = {64502233-C26C-477B-896C-493DDB5FF6BC}
	EndProjectSection
EndProject
Project("{9A19103F-16F7-4668-BE54-9A1E7A4F7556}") = "InternetBank.Core.Persistence", "InternetBank.Core.Persistence\InternetBank.Core.Persistence.csproj", "{003B7027-350E-464E-B347-EC1F3380417D}"
	ProjectSection(ProjectDependencies) = postProject
		{64502233-C26C-477B-896C-493DDB5FF6BC} = {64502233-C26C-477B-896C-493DDB5FF6BC}
		{67584FA0-2C18-47E8-90E1-F0A2E6F39991} = {67584FA0-2C18-47E8-90E1-F0A2E6F39991}
	EndProjectSection
EndProject
Project("{2150E333-8FDC-42A3-9474-1A3956D46DE8}") = "Core", "Core", "{11B8F11F-66AB-4C3B-BC0D-8787C7A89CA2}"
EndProject
Project("{2150E333-8FDC-42A3-9474-1A3956D46DE8}") = "Auth", "Auth", "{3BD4DD5F-CFCB-42EE-837D-E59F16F4FC87}"
EndProject
Project("{FAE04EC0-301F-11D3-BF4B-00C04F79EFBC}") = "InternetBank.Auth.Api", "InternetBank.Auth.Api\InternetBank.Auth.Api.csproj", "{21B09298-3D25-40B2-AE4A-EF10E1BE44E1}"
	ProjectSection(ProjectDependencies) = postProject
		{0E6C3740-E00C-4715-96F8-01F2429D4505} = {0E6C3740-E00C-4715-96F8-01F2429D4505}
		{1BA10AD4-5BF8-408F-938E-C76696A093C8} = {1BA10AD4-5BF8-408F-938E-C76696A093C8}
		{8EDB9A93-A6C6-4CBF-BE99-768930C260E9} = {8EDB9A93-A6C6-4CBF-BE99-768930C260E9}
		{97141C92-2C8A-4B0F-ABB6-6DE26F68FB7F} = {97141C92-2C8A-4B0F-ABB6-6DE26F68FB7F}
	EndProjectSection
EndProject
Project("{FAE04EC0-301F-11D3-BF4B-00C04F79EFBC}") = "InternetBank.Auth.Domain", "InternetBank.Auth.Domain\InternetBank.Auth.Domain.csproj", "{0E6C3740-E00C-4715-96F8-01F2429D4505}"
EndProject
Project("{FAE04EC0-301F-11D3-BF4B-00C04F79EFBC}") = "InternetBank.Auth.Application", "InternetBank.Auth.Application\InternetBank.Auth.Application.csproj", "{1BA10AD4-5BF8-408F-938E-C76696A093C8}"
	ProjectSection(ProjectDependencies) = postProject
		{0E6C3740-E00C-4715-96F8-01F2429D4505} = {0E6C3740-E00C-4715-96F8-01F2429D4505}
	EndProjectSection
EndProject
Project("{FAE04EC0-301F-11D3-BF4B-00C04F79EFBC}") = "InternetBank.Auth.Infrastructure", "InternetBank.Auth.Infrastructure\InternetBank.Auth.Infrastructure.csproj", "{97141C92-2C8A-4B0F-ABB6-6DE26F68FB7F}"
	ProjectSection(ProjectDependencies) = postProject
		{1BA10AD4-5BF8-408F-938E-C76696A093C8} = {1BA10AD4-5BF8-408F-938E-C76696A093C8}
	EndProjectSection
EndProject
Project("{FAE04EC0-301F-11D3-BF4B-00C04F79EFBC}") = "InternetBank.Auth.Persistence", "InternetBank.Auth.Persistence\InternetBank.Auth.Persistence.csproj", "{8EDB9A93-A6C6-4CBF-BE99-768930C260E9}"
	ProjectSection(ProjectDependencies) = postProject
		{1BA10AD4-5BF8-408F-938E-C76696A093C8} = {1BA10AD4-5BF8-408F-938E-C76696A093C8}
	EndProjectSection
EndProject
Global
	GlobalSection(SolutionConfigurationPlatforms) = preSolution
		Debug|Any CPU = Debug|Any CPU
		Release|Any CPU = Release|Any CPU
	EndGlobalSection
	GlobalSection(ProjectConfigurationPlatforms) = postSolution
		{443D7D5B-EC30-4DBA-82B8-84D19A5993F1}.Debug|Any CPU.ActiveCfg = Debug|Any CPU
		{443D7D5B-EC30-4DBA-82B8-84D19A5993F1}.Debug|Any CPU.Build.0 = Debug|Any CPU
		{443D7D5B-EC30-4DBA-82B8-84D19A5993F1}.Release|Any CPU.ActiveCfg = Release|Any CPU
		{443D7D5B-EC30-4DBA-82B8-84D19A5993F1}.Release|Any CPU.Build.0 = Release|Any CPU
		{67584FA0-2C18-47E8-90E1-F0A2E6F39991}.Debug|Any CPU.ActiveCfg = Debug|Any CPU
		{67584FA0-2C18-47E8-90E1-F0A2E6F39991}.Debug|Any CPU.Build.0 = Debug|Any CPU
		{67584FA0-2C18-47E8-90E1-F0A2E6F39991}.Release|Any CPU.ActiveCfg = Release|Any CPU
		{67584FA0-2C18-47E8-90E1-F0A2E6F39991}.Release|Any CPU.Build.0 = Release|Any CPU
		{64502233-C26C-477B-896C-493DDB5FF6BC}.Debug|Any CPU.ActiveCfg = Debug|Any CPU
		{64502233-C26C-477B-896C-493DDB5FF6BC}.Debug|Any CPU.Build.0 = Debug|Any CPU
		{64502233-C26C-477B-896C-493DDB5FF6BC}.Release|Any CPU.ActiveCfg = Release|Any CPU
		{64502233-C26C-477B-896C-493DDB5FF6BC}.Release|Any CPU.Build.0 = Release|Any CPU
		{0BF87215-77FC-4108-97B8-C8CDE856571D}.Debug|Any CPU.ActiveCfg = Debug|Any CPU
		{0BF87215-77FC-4108-97B8-C8CDE856571D}.Debug|Any CPU.Build.0 = Debug|Any CPU
		{0BF87215-77FC-4108-97B8-C8CDE856571D}.Release|Any CPU.ActiveCfg = Release|Any CPU
		{0BF87215-77FC-4108-97B8-C8CDE856571D}.Release|Any CPU.Build.0 = Release|Any CPU
		{003B7027-350E-464E-B347-EC1F3380417D}.Debug|Any CPU.ActiveCfg = Debug|Any CPU
		{003B7027-350E-464E-B347-EC1F3380417D}.Debug|Any CPU.Build.0 = Debug|Any CPU
		{003B7027-350E-464E-B347-EC1F3380417D}.Release|Any CPU.ActiveCfg = Release|Any CPU
		{003B7027-350E-464E-B347-EC1F3380417D}.Release|Any CPU.Build.0 = Release|Any CPU
		{21B09298-3D25-40B2-AE4A-EF10E1BE44E1}.Debug|Any CPU.ActiveCfg = Debug|Any CPU
		{21B09298-3D25-40B2-AE4A-EF10E1BE44E1}.Debug|Any CPU.Build.0 = Debug|Any CPU
		{21B09298-3D25-40B2-AE4A-EF10E1BE44E1}.Release|Any CPU.ActiveCfg = Release|Any CPU
		{21B09298-3D25-40B2-AE4A-EF10E1BE44E1}.Release|Any CPU.Build.0 = Release|Any CPU
		{0E6C3740-E00C-4715-96F8-01F2429D4505}.Debug|Any CPU.ActiveCfg = Debug|Any CPU
		{0E6C3740-E00C-4715-96F8-01F2429D4505}.Debug|Any CPU.Build.0 = Debug|Any CPU
		{0E6C3740-E00C-4715-96F8-01F2429D4505}.Release|Any CPU.ActiveCfg = Release|Any CPU
		{0E6C3740-E00C-4715-96F8-01F2429D4505}.Release|Any CPU.Build.0 = Release|Any CPU
		{1BA10AD4-5BF8-408F-938E-C76696A093C8}.Debug|Any CPU.ActiveCfg = Debug|Any CPU
		{1BA10AD4-5BF8-408F-938E-C76696A093C8}.Debug|Any CPU.Build.0 = Debug|Any CPU
		{1BA10AD4-5BF8-408F-938E-C76696A093C8}.Release|Any CPU.ActiveCfg = Release|Any CPU
		{1BA10AD4-5BF8-408F-938E-C76696A093C8}.Release|Any CPU.Build.0 = Release|Any CPU
		{97141C92-2C8A-4B0F-ABB6-6DE26F68FB7F}.Debug|Any CPU.ActiveCfg = Debug|Any CPU
		{97141C92-2C8A-4B0F-ABB6-6DE26F68FB7F}.Debug|Any CPU.Build.0 = Debug|Any CPU
		{97141C92-2C8A-4B0F-ABB6-6DE26F68FB7F}.Release|Any CPU.ActiveCfg = Release|Any CPU
		{97141C92-2C8A-4B0F-ABB6-6DE26F68FB7F}.Release|Any CPU.Build.0 = Release|Any CPU
		{8EDB9A93-A6C6-4CBF-BE99-768930C260E9}.Debug|Any CPU.ActiveCfg = Debug|Any CPU
		{8EDB9A93-A6C6-4CBF-BE99-768930C260E9}.Debug|Any CPU.Build.0 = Debug|Any CPU
		{8EDB9A93-A6C6-4CBF-BE99-768930C260E9}.Release|Any CPU.ActiveCfg = Release|Any CPU
		{8EDB9A93-A6C6-4CBF-BE99-768930C260E9}.Release|Any CPU.Build.0 = Release|Any CPU
	EndGlobalSection
	GlobalSection(SolutionProperties) = preSolution
		HideSolutionNode = FALSE
	EndGlobalSection
	GlobalSection(NestedProjects) = preSolution
		{443D7D5B-EC30-4DBA-82B8-84D19A5993F1} = {11B8F11F-66AB-4C3B-BC0D-8787C7A89CA2}
		{67584FA0-2C18-47E8-90E1-F0A2E6F39991} = {11B8F11F-66AB-4C3B-BC0D-8787C7A89CA2}
		{64502233-C26C-477B-896C-493DDB5FF6BC} = {11B8F11F-66AB-4C3B-BC0D-8787C7A89CA2}
		{0BF87215-77FC-4108-97B8-C8CDE856571D} = {11B8F11F-66AB-4C3B-BC0D-8787C7A89CA2}
		{003B7027-350E-464E-B347-EC1F3380417D} = {11B8F11F-66AB-4C3B-BC0D-8787C7A89CA2}
		{21B09298-3D25-40B2-AE4A-EF10E1BE44E1} = {3BD4DD5F-CFCB-42EE-837D-E59F16F4FC87}
		{0E6C3740-E00C-4715-96F8-01F2429D4505} = {3BD4DD5F-CFCB-42EE-837D-E59F16F4FC87}
		{1BA10AD4-5BF8-408F-938E-C76696A093C8} = {3BD4DD5F-CFCB-42EE-837D-E59F16F4FC87}
		{97141C92-2C8A-4B0F-ABB6-6DE26F68FB7F} = {3BD4DD5F-CFCB-42EE-837D-E59F16F4FC87}
		{8EDB9A93-A6C6-4CBF-BE99-768930C260E9} = {3BD4DD5F-CFCB-42EE-837D-E59F16F4FC87}
	EndGlobalSection
	GlobalSection(ExtensibilityGlobals) = postSolution
		SolutionGuid = {29B89E51-28DE-4AEE-BA68-41B6A692E4D2}
	EndGlobalSection
EndGlobal
